
Microsoft Visual Studio Solution File, Format Version 12.00
# Visual Studio Version 17
VisualStudioVersion = 17.13.35919.96 d17.13
MinimumVisualStudioVersion = 10.0.40219.1
Project("{FAE04EC0-301F-11D3-BF4B-00C04F79EFBC}") = "Laboratory Activity 14", "Laboratory Activity 14.csproj", "{C28523D7-A947-4012-9E16-C599BA427CB1}"
EndProject
Global
	GlobalSection(SolutionConfigurationPlatforms) = preSolution
		Debug|Any CPU = Debug|Any CPU
		Release|Any CPU = Release|Any CPU
	EndGlobalSection
	GlobalSection(ProjectConfigurationPlatforms) = postSolution
		{C28523D7-A947-4012-9E16-C599BA427CB1}.Debug|Any CPU.ActiveCfg = Debug|Any CPU
		{C28523D7-A947-4012-9E16-C599BA427CB1}.Debug|Any CPU.Build.0 = Debug|Any CPU
		{C28523D7-A947-4012-9E16-C599BA427CB1}.Release|Any CPU.ActiveCfg = Release|Any CPU
		{C28523D7-A947-4012-9E16-C599BA427CB1}.Release|Any CPU.Build.0 = Release|Any CPU
	EndGlobalSection
	GlobalSection(SolutionProperties) = preSolution
		HideSolutionNode = FALSE
	EndGlobalSection
	GlobalSection(ExtensibilityGlobals) = postSolution
		SolutionGuid = {5314A4FC-BB98-4508-9056-FF27E0663937}
	EndGlobalSection
EndGlobal
